// !$*UTF8*$!
{
	archiveVersion = 1;
	classes = {
	};
	objectVersion = 46;
	objects = {

/* Begin PBXBuildFile section */
		10D89DF61BB969C300A4233B /* main.m in Sources */ = {isa = PBXBuildFile; fileRef = 10D89DF51BB969C300A4233B /* main.m */; };
		10D89DF91BB969C300A4233B /* AppDelegate.m in Sources */ = {isa = PBXBuildFile; fileRef = 10D89DF81BB969C300A4233B /* AppDelegate.m */; };
		10D89DFC1BB969C300A4233B /* ViewController.m in Sources */ = {isa = PBXBuildFile; fileRef = 10D89DFB1BB969C300A4233B /* ViewController.m */; };
		10D89DFF1BB969C300A4233B /* Main.storyboard in Resources */ = {isa = PBXBuildFile; fileRef = 10D89DFD1BB969C300A4233B /* Main.storyboard */; };
		10D89E011BB969C300A4233B /* Assets.xcassets in Resources */ = {isa = PBXBuildFile; fileRef = 10D89E001BB969C300A4233B /* Assets.xcassets */; };
		10D89E041BB969C300A4233B /* LaunchScreen.storyboard in Resources */ = {isa = PBXBuildFile; fileRef = 10D89E021BB969C300A4233B /* LaunchScreen.storyboard */; };
		10D89E0F1BB969C300A4233B /* OC_TableViewDemoTests.m in Sources */ = {isa = PBXBuildFile; fileRef = 10D89E0E1BB969C300A4233B /* OC_TableViewDemoTests.m */; };
		10D89E1A1BB969C300A4233B /* OC_TableViewDemoUITests.m in Sources */ = {isa = PBXBuildFile; fileRef = 10D89E191BB969C300A4233B /* OC_TableViewDemoUITests.m */; };
		10D89E291BB969D800A4233B /* BaseModel.m in Sources */ = {isa = PBXBuildFile; fileRef = 10D89E281BB969D800A4233B /* BaseModel.m */; settings = {ASSET_TAGS = (); }; };
		10D89E2E1BB96AFF00A4233B /* BaseTableViewCell.m in Sources */ = {isa = PBXBuildFile; fileRef = 10D89E2D1BB96AFF00A4233B /* BaseTableViewCell.m */; settings = {ASSET_TAGS = (); }; };
		10D89E331BB96B4A00A4233B /* TypeOneModel.m in Sources */ = {isa = PBXBuildFile; fileRef = 10D89E321BB96B4A00A4233B /* TypeOneModel.m */; settings = {ASSET_TAGS = (); }; };
		10D89E361BB96B5600A4233B /* TypeTwoModel.m in Sources */ = {isa = PBXBuildFile; fileRef = 10D89E351BB96B5600A4233B /* TypeTwoModel.m */; settings = {ASSET_TAGS = (); }; };
		10D89E391BB96B9000A4233B /* TypeOneCell.m in Sources */ = {isa = PBXBuildFile; fileRef = 10D89E381BB96B9000A4233B /* TypeOneCell.m */; settings = {ASSET_TAGS = (); }; };
		10D89E3C1BB96B9B00A4233B /* TypeTwoCell.m in Sources */ = {isa = PBXBuildFile; fileRef = 10D89E3B1BB96B9B00A4233B /* TypeTwoCell.m */; settings = {ASSET_TAGS = (); }; };
/* End PBXBuildFile section */

/* Begin PBXContainerItemProxy section */
		10D89E0B1BB969C300A4233B /* PBXContainerItemProxy */ = {
			isa = PBXContainerItemProxy;
			containerPortal = 10D89DE91BB969C300A4233B /* Project object */;
			proxyType = 1;
			remoteGlobalIDString = 10D89DF01BB969C300A4233B;
			remoteInfo = "OC-TableViewDemo";
		};
		10D89E161BB969C300A4233B /* PBXContainerItemProxy */ = {
			isa = PBXContainerItemProxy;
			containerPortal = 10D89DE91BB969C300A4233B /* Project object */;
			proxyType = 1;
			remoteGlobalIDString = 10D89DF01BB969C300A4233B;
			remoteInfo = "OC-TableViewDemo";
		};
/* End PBXContainerItemProxy section */

/* Begin PBXFileReference section */
		10D89DF11BB969C300A4233B /* OC-TableViewDemo.app */ = {isa = PBXFileReference; explicitFileType = wrapper.application; includeInIndex = 0; path = "OC-TableViewDemo.app"; sourceTree = BUILT_PRODUCTS_DIR; };
		10D89DF51BB969C300A4233B /* main.m */ = {isa = PBXFileReference; lastKnownFileType = sourcecode.c.objc; path = main.m; sourceTree = "<group>"; };
		10D89DF71BB969C300A4233B /* AppDelegate.h */ = {isa = PBXFileReference; lastKnownFileType = sourcecode.c.h; path = AppDelegate.h; sourceTree = "<group>"; };
		10D89DF81BB969C300A4233B /* AppDelegate.m */ = {isa = PBXFileReference; lastKnownFileType = sourcecode.c.objc; path = AppDelegate.m; sourceTree = "<group>"; };
		10D89DFA1BB969C300A4233B /* ViewController.h */ = {isa = PBXFileReference; lastKnownFileType = sourcecode.c.h; path = ViewController.h; sourceTree = "<group>"; };
		10D89DFB1BB969C300A4233B /* ViewController.m */ = {isa = PBXFileReference; lastKnownFileType = sourcecode.c.objc; path = ViewController.m; sourceTree = "<group>"; };
		10D89DFE1BB969C300A4233B /* Base */ = {isa = PBXFileReference; lastKnownFileType = file.storyboard; name = Base; path = Base.lproj/Main.storyboard; sourceTree = "<group>"; };
		10D89E001BB969C300A4233B /* Assets.xcassets */ = {isa = PBXFileReference; lastKnownFileType = folder.assetcatalog; path = Assets.xcassets; sourceTree = "<group>"; };
		10D89E031BB969C300A4233B /* Base */ = {isa = PBXFileReference; lastKnownFileType = file.storyboard; name = Base; path = Base.lproj/LaunchScreen.storyboard; sourceTree = "<group>"; };
		10D89E051BB969C300A4233B /* Info.plist */ = {isa = PBXFileReference; lastKnownFileType = text.plist.xml; path = Info.plist; sourceTree = "<group>"; };
		10D89E0A1BB969C300A4233B /* OC-TableViewDemoTests.xctest */ = {isa = PBXFileReference; explicitFileType = wrapper.cfbundle; includeInIndex = 0; path = "OC-TableViewDemoTests.xctest"; sourceTree = BUILT_PRODUCTS_DIR; };
		10D89E0E1BB969C300A4233B /* OC_TableViewDemoTests.m */ = {isa = PBXFileReference; lastKnownFileType = sourcecode.c.objc; path = OC_TableViewDemoTests.m; sourceTree = "<group>"; };
		10D89E101BB969C300A4233B /* Info.plist */ = {isa = PBXFileReference; lastKnownFileType = text.plist.xml; path = Info.plist; sourceTree = "<group>"; };
		10D89E151BB969C300A4233B /* OC-TableViewDemoUITests.xctest */ = {isa = PBXFileReference; explicitFileType = wrapper.cfbundle; includeInIndex = 0; path = "OC-TableViewDemoUITests.xctest"; sourceTree = BUILT_PRODUCTS_DIR; };
		10D89E191BB969C300A4233B /* OC_TableViewDemoUITests.m */ = {isa = PBXFileReference; lastKnownFileType = sourcecode.c.objc; path = OC_TableViewDemoUITests.m; sourceTree = "<group>"; };
		10D89E1B1BB969C300A4233B /* Info.plist */ = {isa = PBXFileReference; lastKnownFileType = text.plist.xml; path = Info.plist; sourceTree = "<group>"; };
		10D89E271BB969D800A4233B /* BaseModel.h */ = {isa = PBXFileReference; fileEncoding = 4; lastKnownFileType = sourcecode.c.h; path = BaseModel.h; sourceTree = "<group>"; };
		10D89E281BB969D800A4233B /* BaseModel.m */ = {isa = PBXFileReference; fileEncoding = 4; lastKnownFileType = sourcecode.c.objc; path = BaseModel.m; sourceTree = "<group>"; };
		10D89E2C1BB96AFF00A4233B /* BaseTableViewCell.h */ = {isa = PBXFileReference; fileEncoding = 4; lastKnownFileType = sourcecode.c.h; path = BaseTableViewCell.h; sourceTree = "<group>"; };
		10D89E2D1BB96AFF00A4233B /* BaseTableViewCell.m */ = {isa = PBXFileReference; fileEncoding = 4; lastKnownFileType = sourcecode.c.objc; path = BaseTableViewCell.m; sourceTree = "<group>"; };
		10D89E311BB96B4A00A4233B /* TypeOneModel.h */ = {isa = PBXFileReference; fileEncoding = 4; lastKnownFileType = sourcecode.c.h; path = TypeOneModel.h; sourceTree = "<group>"; };
		10D89E321BB96B4A00A4233B /* TypeOneModel.m */ = {isa = PBXFileReference; fileEncoding = 4; lastKnownFileType = sourcecode.c.objc; path = TypeOneModel.m; sourceTree = "<group>"; };
		10D89E341BB96B5600A4233B /* TypeTwoModel.h */ = {isa = PBXFileReference; fileEncoding = 4; lastKnownFileType = sourcecode.c.h; path = TypeTwoModel.h; sourceTree = "<group>"; };
		10D89E351BB96B5600A4233B /* TypeTwoModel.m */ = {isa = PBXFileReference; fileEncoding = 4; lastKnownFileType = sourcecode.c.objc; path = TypeTwoModel.m; sourceTree = "<group>"; };
		10D89E371BB96B9000A4233B /* TypeOneCell.h */ = {isa = PBXFileReference; fileEncoding = 4; lastKnownFileType = sourcecode.c.h; path = TypeOneCell.h; sourceTree = "<group>"; };
		10D89E381BB96B9000A4233B /* TypeOneCell.m */ = {isa = PBXFileReference; fileEncoding = 4; lastKnownFileType = sourcecode.c.objc; path = TypeOneCell.m; sourceTree = "<group>"; };
		10D89E3A1BB96B9B00A4233B /* TypeTwoCell.h */ = {isa = PBXFileReference; fileEncoding = 4; lastKnownFileType = sourcecode.c.h; path = TypeTwoCell.h; sourceTree = "<group>"; };
		10D89E3B1BB96B9B00A4233B /* TypeTwoCell.m */ = {isa = PBXFileReference; fileEncoding = 4; lastKnownFileType = sourcecode.c.objc; path = TypeTwoCell.m; sourceTree = "<group>"; };
/* End PBXFileReference section */

/* Begin PBXFrameworksBuildPhase section */
		10D89DEE1BB969C300A4233B /* Frameworks */ = {
			isa = PBXFrameworksBuildPhase;
			buildActionMask = 2147483647;
			files = (
			);
			runOnlyForDeploymentPostprocessing = 0;
		};
		10D89E071BB969C300A4233B /* Frameworks */ = {
			isa = PBXFrameworksBuildPhase;
			buildActionMask = 2147483647;
			files = (
			);
			runOnlyForDeploymentPostprocessing = 0;
		};
		10D89E121BB969C300A4233B /* Frameworks */ = {
			isa = PBXFrameworksBuildPhase;
			buildActionMask = 2147483647;
			files = (
			);
			runOnlyForDeploymentPostprocessing = 0;
		};
/* End PBXFrameworksBuildPhase section */

/* Begin PBXGroup section */
		10D89DE81BB969C300A4233B = {
			isa = PBXGroup;
			children = (
				10D89DF31BB969C300A4233B /* OC-TableViewDemo */,
				10D89E0D1BB969C300A4233B /* OC-TableViewDemoTests */,
				10D89E181BB969C300A4233B /* OC-TableViewDemoUITests */,
				10D89DF21BB969C300A4233B /* Products */,
			);
			sourceTree = "<group>";
		};
		10D89DF21BB969C300A4233B /* Products */ = {
			isa = PBXGroup;
			children = (
				10D89DF11BB969C300A4233B /* OC-TableViewDemo.app */,
				10D89E0A1BB969C300A4233B /* OC-TableViewDemoTests.xctest */,
				10D89E151BB969C300A4233B /* OC-TableViewDemoUITests.xctest */,
			);
			name = Products;
			sourceTree = "<group>";
		};
		10D89DF31BB969C300A4233B /* OC-TableViewDemo */ = {
			isa = PBXGroup;
			children = (
				10D89DF71BB969C300A4233B /* AppDelegate.h */,
				10D89DF81BB969C300A4233B /* AppDelegate.m */,
				10D89DFA1BB969C300A4233B /* ViewController.h */,
				10D89DFB1BB969C300A4233B /* ViewController.m */,
				10D89E2F1BB96B2400A4233B /* Cells */,
				10D89E2A1BB969DD00A4233B /* Models */,
				10D89DFD1BB969C300A4233B /* Main.storyboard */,
				10D89E001BB969C300A4233B /* Assets.xcassets */,
				10D89E021BB969C300A4233B /* LaunchScreen.storyboard */,
				10D89E051BB969C300A4233B /* Info.plist */,
				10D89DF41BB969C300A4233B /* Supporting Files */,
			);
			path = "OC-TableViewDemo";
			sourceTree = "<group>";
		};
		10D89DF41BB969C300A4233B /* Supporting Files */ = {
			isa = PBXGroup;
			children = (
				10D89DF51BB969C300A4233B /* main.m */,
			);
			name = "Supporting Files";
			sourceTree = "<group>";
		};
		10D89E0D1BB969C300A4233B /* OC-TableViewDemoTests */ = {
			isa = PBXGroup;
			children = (
				10D89E0E1BB969C300A4233B /* OC_TableViewDemoTests.m */,
				10D89E101BB969C300A4233B /* Info.plist */,
			);
			path = "OC-TableViewDemoTests";
			sourceTree = "<group>";
		};
		10D89E181BB969C300A4233B /* OC-TableViewDemoUITests */ = {
			isa = PBXGroup;
			children = (
				10D89E191BB969C300A4233B /* OC_TableViewDemoUITests.m */,
				10D89E1B1BB969C300A4233B /* Info.plist */,
			);
			path = "OC-TableViewDemoUITests";
			sourceTree = "<group>";
		};
		10D89E2A1BB969DD00A4233B /* Models */ = {
			isa = PBXGroup;
			children = (
				10D89E2B1BB969E700A4233B /* BaseModel */,
				10D89E311BB96B4A00A4233B /* TypeOneModel.h */,
				10D89E321BB96B4A00A4233B /* TypeOneModel.m */,
				10D89E341BB96B5600A4233B /* TypeTwoModel.h */,
				10D89E351BB96B5600A4233B /* TypeTwoModel.m */,
			);
			name = Models;
			sourceTree = "<group>";
		};
		10D89E2B1BB969E700A4233B /* BaseModel */ = {
			isa = PBXGroup;
			children = (
				10D89E271BB969D800A4233B /* BaseModel.h */,
				10D89E281BB969D800A4233B /* BaseModel.m */,
			);
			name = BaseModel;
			sourceTree = "<group>";
		};
		10D89E2F1BB96B2400A4233B /* Cells */ = {
			isa = PBXGroup;
			children = (
				10D89E301BB96B2D00A4233B /* BaseTableViewCell */,
				10D89E371BB96B9000A4233B /* TypeOneCell.h */,
				10D89E381BB96B9000A4233B /* TypeOneCell.m */,
				10D89E3A1BB96B9B00A4233B /* TypeTwoCell.h */,
				10D89E3B1BB96B9B00A4233B /* TypeTwoCell.m */,
			);
			name = Cells;
			sourceTree = "<group>";
		};
		10D89E301BB96B2D00A4233B /* BaseTableViewCell */ = {
			isa = PBXGroup;
			children = (
				10D89E2C1BB96AFF00A4233B /* BaseTableViewCell.h */,
				10D89E2D1BB96AFF00A4233B /* BaseTableViewCell.m */,
			);
			name = BaseTableViewCell;
			sourceTree = "<group>";
		};
/* End PBXGroup section */

/* Begin PBXNativeTarget section */
		10D89DF01BB969C300A4233B /* OC-TableViewDemo */ = {
			isa = PBXNativeTarget;
			buildConfigurationList = 10D89E1E1BB969C300A4233B /* Build configuration list for PBXNativeTarget "OC-TableViewDemo" */;
			buildPhases = (
				10D89DED1BB969C300A4233B /* Sources */,
				10D89DEE1BB969C300A4233B /* Frameworks */,
				10D89DEF1BB969C300A4233B /* Resources */,
			);
			buildRules = (
			);
			dependencies = (
			);
			name = "OC-TableViewDemo";
			productName = "OC-TableViewDemo";
			productReference = 10D89DF11BB969C300A4233B /* OC-TableViewDemo.app */;
			productType = "com.apple.product-type.application";
		};
		10D89E091BB969C300A4233B /* OC-TableViewDemoTests */ = {
			isa = PBXNativeTarget;
			buildConfigurationList = 10D89E211BB969C300A4233B /* Build configuration list for PBXNativeTarget "OC-TableViewDemoTests" */;
			buildPhases = (
				10D89E061BB969C300A4233B /* Sources */,
				10D89E071BB969C300A4233B /* Frameworks */,
				10D89E081BB969C300A4233B /* Resources */,
			);
			buildRules = (
			);
			dependencies = (
				10D89E0C1BB969C300A4233B /* PBXTargetDependency */,
			);
			name = "OC-TableViewDemoTests";
			productName = "OC-TableViewDemoTests";
			productReference = 10D89E0A1BB969C300A4233B /* OC-TableViewDemoTests.xctest */;
			productType = "com.apple.product-type.bundle.unit-test";
		};
		10D89E141BB969C300A4233B /* OC-TableViewDemoUITests */ = {
			isa = PBXNativeTarget;
			buildConfigurationList = 10D89E241BB969C300A4233B /* Build configuration list for PBXNativeTarget "OC-TableViewDemoUITests" */;
			buildPhases = (
				10D89E111BB969C300A4233B /* Sources */,
				10D89E121BB969C300A4233B /* Frameworks */,
				10D89E131BB969C300A4233B /* Resources */,
			);
			buildRules = (
			);
			dependencies = (
				10D89E171BB969C300A4233B /* PBXTargetDependency */,
			);
			name = "OC-TableViewDemoUITests";
			productName = "OC-TableViewDemoUITests";
			productReference = 10D89E151BB969C300A4233B /* OC-TableViewDemoUITests.xctest */;
			productType = "com.apple.product-type.bundle.ui-testing";
		};
/* End PBXNativeTarget section */

/* Begin PBXProject section */
		10D89DE91BB969C300A4233B /* Project object */ = {
			isa = PBXProject;
			attributes = {
				LastUpgradeCheck = 0700;
				ORGANIZATIONNAME = YouXianMing;
				TargetAttributes = {
					10D89DF01BB969C300A4233B = {
						CreatedOnToolsVersion = 7.0;
					};
					10D89E091BB969C300A4233B = {
						CreatedOnToolsVersion = 7.0;
						TestTargetID = 10D89DF01BB969C300A4233B;
					};
					10D89E141BB969C300A4233B = {
						CreatedOnToolsVersion = 7.0;
						TestTargetID = 10D89DF01BB969C300A4233B;
					};
				};
			};
			buildConfigurationList = 10D89DEC1BB969C300A4233B /* Build configuration list for PBXProject "OC-TableViewDemo" */;
			compatibilityVersion = "Xcode 3.2";
			developmentRegion = English;
			hasScannedForEncodings = 0;
			knownRegions = (
				en,
				Base,
			);
			mainGroup = 10D89DE81BB969C300A4233B;
			productRefGroup = 10D89DF21BB969C300A4233B /* Products */;
			projectDirPath = "";
			projectRoot = "";
			targets = (
				10D89DF01BB969C300A4233B /* OC-TableViewDemo */,
				10D89E091BB969C300A4233B /* OC-TableViewDemoTests */,
				10D89E141BB969C300A4233B /* OC-TableViewDemoUITests */,
			);
		};
/* End PBXProject section */

/* Begin PBXResourcesBuildPhase section */
		10D89DEF1BB969C300A4233B /* Resources */ = {
			isa = PBXResourcesBuildPhase;
			buildActionMask = 2147483647;
			files = (
				10D89E041BB969C300A4233B /* LaunchScreen.storyboard in Resources */,
				10D89E011BB969C300A4233B /* Assets.xcassets in Resources */,
				10D89DFF1BB969C300A4233B /* Main.storyboard in Resources */,
			);
			runOnlyForDeploymentPostprocessing = 0;
		};
		10D89E081BB969C300A4233B /* Resources */ = {
			isa = PBXResourcesBuildPhase;
			buildActionMask = 2147483647;
			files = (
			);
			runOnlyForDeploymentPostprocessing = 0;
		};
		10D89E131BB969C300A4233B /* Resources */ = {
			isa = PBXResourcesBuildPhase;
			buildActionMask = 2147483647;
			files = (
			);
			runOnlyForDeploymentPostprocessing = 0;
		};
/* End PBXResourcesBuildPhase section */

/* Begin PBXSourcesBuildPhase section */
		10D89DED1BB969C300A4233B /* Sources */ = {
			isa = PBXSourcesBuildPhase;
			buildActionMask = 2147483647;
			files = (
				10D89E2E1BB96AFF00A4233B /* BaseTableViewCell.m in Sources */,
				10D89DFC1BB969C300A4233B /* ViewController.m in Sources */,
				10D89E361BB96B5600A4233B /* TypeTwoModel.m in Sources */,
				10D89E331BB96B4A00A4233B /* TypeOneModel.m in Sources */,
				10D89E391BB96B9000A4233B /* TypeOneCell.m in Sources */,
				10D89E3C1BB96B9B00A4233B /* TypeTwoCell.m in Sources */,
				10D89DF91BB969C300A4233B /* AppDelegate.m in Sources */,
				10D89E291BB969D800A4233B /* BaseModel.m in Sources */,
				10D89DF61BB969C300A4233B /* main.m in Sources */,
			);
			runOnlyForDeploymentPostprocessing = 0;
		};
		10D89E061BB969C300A4233B /* Sources */ = {
			isa = PBXSourcesBuildPhase;
			buildActionMask = 2147483647;
			files = (
				10D89E0F1BB969C300A4233B /* OC_TableViewDemoTests.m in Sources */,
			);
			runOnlyForDeploymentPostprocessing = 0;
		};
		10D89E111BB969C300A4233B /* Sources */ = {
			isa = PBXSourcesBuildPhase;
			buildActionMask = 2147483647;
			files = (
				10D89E1A1BB969C300A4233B /* OC_TableViewDemoUITests.m in Sources */,
			);
			runOnlyForDeploymentPostprocessing = 0;
		};
/* End PBXSourcesBuildPhase section */

/* Begin PBXTargetDependency section */
		10D89E0C1BB969C300A4233B /* PBXTargetDependency */ = {
			isa = PBXTargetDependency;
			target = 10D89DF01BB969C300A4233B /* OC-TableViewDemo */;
			targetProxy = 10D89E0B1BB969C300A4233B /* PBXContainerItemProxy */;
		};
		10D89E171BB969C300A4233B /* PBXTargetDependency */ = {
			isa = PBXTargetDependency;
			target = 10D89DF01BB969C300A4233B /* OC-TableViewDemo */;
			targetProxy = 10D89E161BB969C300A4233B /* PBXContainerItemProxy */;
		};
/* End PBXTargetDependency section */

/* Begin PBXVariantGroup section */
		10D89DFD1BB969C300A4233B /* Main.storyboard */ = {
			isa = PBXVariantGroup;
			children = (
				10D89DFE1BB969C300A4233B /* Base */,
			);
			name = Main.storyboard;
			sourceTree = "<group>";
		};
		10D89E021BB969C300A4233B /* LaunchScreen.storyboard */ = {
			isa = PBXVariantGroup;
			children = (
				10D89E031BB969C300A4233B /* Base */,
			);
			name = LaunchScreen.storyboard;
			sourceTree = "<group>";
		};
/* End PBXVariantGroup section */

/* Begin XCBuildConfiguration section */
		10D89E1C1BB969C300A4233B /* Debug */ = {
			isa = XCBuildConfiguration;
			buildSettings = {
				ALWAYS_SEARCH_USER_PATHS = NO;
				CLANG_CXX_LANGUAGE_STANDARD = "gnu++0x";
				CLANG_CXX_LIBRARY = "libc++";
				CLANG_ENABLE_MODULES = YES;
				CLANG_ENABLE_OBJC_ARC = YES;
				CLANG_WARN_BOOL_CONVERSION = YES;
				CLANG_WARN_CONSTANT_CONVERSION = YES;
				CLANG_WARN_DIRECT_OBJC_ISA_USAGE = YES_ERROR;
				CLANG_WARN_EMPTY_BODY = YES;
				CLANG_WARN_ENUM_CONVERSION = YES;
				CLANG_WARN_INT_CONVERSION = YES;
				CLANG_WARN_OBJC_ROOT_CLASS = YES_ERROR;
				CLANG_WARN_UNREACHABLE_CODE = YES;
				CLANG_WARN__DUPLICATE_METHOD_MATCH = YES;
				"CODE_SIGN_IDENTITY[sdk=iphoneos*]" = "iPhone Developer";
				COPY_PHASE_STRIP = NO;
				DEBUG_INFORMATION_FORMAT = dwarf;
				ENABLE_STRICT_OBJC_MSGSEND = YES;
				ENABLE_TESTABILITY = YES;
				GCC_C_LANGUAGE_STANDARD = gnu99;
				GCC_DYNAMIC_NO_PIC = NO;
				GCC_NO_COMMON_BLOCKS = YES;
				GCC_OPTIMIZATION_LEVEL = 0;
				GCC_PREPROCESSOR_DEFINITIONS = (
					"DEBUG=1",
					"$(inherited)",
				);
				GCC_WARN_64_TO_32_BIT_CONVERSION = YES;
				GCC_WARN_ABOUT_RETURN_TYPE = YES_ERROR;
				GCC_WARN_UNDECLARED_SELECTOR = YES;
				GCC_WARN_UNINITIALIZED_AUTOS = YES_AGGRESSIVE;
				GCC_WARN_UNUSED_FUNCTION = YES;
				GCC_WARN_UNUSED_VARIABLE = YES;
				IPHONEOS_DEPLOYMENT_TARGET = 9.0;
				MTL_ENABLE_DEBUG_INFO = YES;
				ONLY_ACTIVE_ARCH = YES;
				SDKROOT = iphoneos;
				TARGETED_DEVICE_FAMILY = "1,2";
			};
			name = Debug;
		};
		10D89E1D1BB969C300A4233B /* Release */ = {
			isa = XCBuildConfiguration;
			buildSettings = {
				ALWAYS_SEARCH_USER_PATHS = NO;
				CLANG_CXX_LANGUAGE_STANDARD = "gnu++0x";
				CLANG_CXX_LIBRARY = "libc++";
				CLANG_ENABLE_MODULES = YES;
				CLANG_ENABLE_OBJC_ARC = YES;
				CLANG_WARN_BOOL_CONVERSION = YES;
				CLANG_WARN_CONSTANT_CONVERSION = YES;
				CLANG_WARN_DIRECT_OBJC_ISA_USAGE = YES_ERROR;
				CLANG_WARN_EMPTY_BODY = YES;
				CLANG_WARN_ENUM_CONVERSION = YES;
				CLANG_WARN_INT_CONVERSION = YES;
				CLANG_WARN_OBJC_ROOT_CLASS = YES_ERROR;
				CLANG_WARN_UNREACHABLE_CODE = YES;
				CLANG_WARN__DUPLICATE_METHOD_MATCH = YES;
				"CODE_SIGN_IDENTITY[sdk=iphoneos*]" = "iPhone Developer";
				COPY_PHASE_STRIP = NO;
				DEBUG_INFORMATION_FORMAT = "dwarf-with-dsym";
				ENABLE_NS_ASSERTIONS = NO;
				ENABLE_STRICT_OBJC_MSGSEND = YES;
				GCC_C_LANGUAGE_STANDARD = gnu99;
				GCC_NO_COMMON_BLOCKS = YES;
				GCC_WARN_64_TO_32_BIT_CONVERSION = YES;
				GCC_WARN_ABOUT_RETURN_TYPE = YES_ERROR;
				GCC_WARN_UNDECLARED_SELECTOR = YES;
				GCC_WARN_UNINITIALIZED_AUTOS = YES_AGGRESSIVE;
				GCC_WARN_UNUSED_FUNCTION = YES;
				GCC_WARN_UNUSED_VARIABLE = YES;
				IPHONEOS_DEPLOYMENT_TARGET = 9.0;
				MTL_ENABLE_DEBUG_INFO = NO;
				SDKROOT = iphoneos;
				TARGETED_DEVICE_FAMILY = "1,2";
				VALIDATE_PRODUCT = YES;
			};
			name = Release;
		};
		10D89E1F1BB969C300A4233B /* Debug */ = {
			isa = XCBuildConfiguration;
			buildSettings = {
				ASSETCATALOG_COMPILER_APPICON_NAME = AppIcon;
				INFOPLIST_FILE = "OC-TableViewDemo/Info.plist";
				LD_RUNPATH_SEARCH_PATHS = "$(inherited) @executable_path/Frameworks";
				PRODUCT_BUNDLE_IDENTIFIER = "com.YouXianMing.OC-TableViewDemo";
				PRODUCT_NAME = "$(TARGET_NAME)";
			};
			name = Debug;
		};
		10D89E201BB969C300A4233B /* Release */ = {
			isa = XCBuildConfiguration;
			buildSettings = {
				ASSETCATALOG_COMPILER_APPICON_NAME = AppIcon;
				INFOPLIST_FILE = "OC-TableViewDemo/Info.plist";
				LD_RUNPATH_SEARCH_PATHS = "$(inherited) @executable_path/Frameworks";
				PRODUCT_BUNDLE_IDENTIFIER = "com.YouXianMing.OC-TableViewDemo";
				PRODUCT_NAME = "$(TARGET_NAME)";
			};
			name = Release;
		};
		10D89E221BB969C300A4233B /* Debug */ = {
			isa = XCBuildConfiguration;
			buildSettings = {
				BUNDLE_LOADER = "$(TEST_HOST)";
				INFOPLIST_FILE = "OC-TableViewDemoTests/Info.plist";
				LD_RUNPATH_SEARCH_PATHS = "$(inherited) @executable_path/Frameworks @loader_path/Frameworks";
				PRODUCT_BUNDLE_IDENTIFIER = "com.YouXianMing.OC-TableViewDemoTests";
				PRODUCT_NAME = "$(TARGET_NAME)";
				TEST_HOST = "$(BUILT_PRODUCTS_DIR)/OC-TableViewDemo.app/OC-TableViewDemo";
			};
			name = Debug;
		};
		10D89E231BB969C300A4233B /* Release */ = {
			isa = XCBuildConfiguration;
			buildSettings = {
				BUNDLE_LOADER = "$(TEST_HOST)";
				INFOPLIST_FILE = "OC-TableViewDemoTests/Info.plist";
				LD_RUNPATH_SEARCH_PATHS = "$(inherited) @executable_path/Frameworks @loader_path/Frameworks";
				PRODUCT_BUNDLE_IDENTIFIER = "com.YouXianMing.OC-TableViewDemoTests";
				PRODUCT_NAME = "$(TARGET_NAME)";
				TEST_HOST = "$(BUILT_PRODUCTS_DIR)/OC-TableViewDemo.app/OC-TableViewDemo";
			};
			name = Release;
		};
		10D89E251BB969C300A4233B /* Debug */ = {
			isa = XCBuildConfiguration;
			buildSettings = {
				INFOPLIST_FILE = "OC-TableViewDemoUITests/Info.plist";
				LD_RUNPATH_SEARCH_PATHS = "$(inherited) @executable_path/Frameworks @loader_path/Frameworks";
				PRODUCT_BUNDLE_IDENTIFIER = "com.YouXianMing.OC-TableViewDemoUITests";
				PRODUCT_NAME = "$(TARGET_NAME)";
				TEST_TARGET_NAME = "OC-TableViewDemo";
				USES_XCTRUNNER = YES;
			};
			name = Debug;
		};
		10D89E261BB969C300A4233B /* Release */ = {
			isa = XCBuildConfiguration;
			buildSettings = {
				INFOPLIST_FILE = "OC-TableViewDemoUITests/Info.plist";
				LD_RUNPATH_SEARCH_PATHS = "$(inherited) @executable_path/Frameworks @loader_path/Frameworks";
				PRODUCT_BUNDLE_IDENTIFIER = "com.YouXianMing.OC-TableViewDemoUITests";
				PRODUCT_NAME = "$(TARGET_NAME)";
				TEST_TARGET_NAME = "OC-TableViewDemo";
				USES_XCTRUNNER = YES;
			};
			name = Release;
		};
/* End XCBuildConfiguration section */

/* Begin XCConfigurationList section */
		10D89DEC1BB969C300A4233B /* Build configuration list for PBXProject "OC-TableViewDemo" */ = {
			isa = XCConfigurationList;
			buildConfigurations = (
				10D89E1C1BB969C300A4233B /* Debug */,
				10D89E1D1BB969C300A4233B /* Release */,
			);
			defaultConfigurationIsVisible = 0;
			defaultConfigurationName = Release;
		};
		10D89E1E1BB969C300A4233B /* Build configuration list for PBXNativeTarget "OC-TableViewDemo" */ = {
			isa = XCConfigurationList;
			buildConfigurations = (
				10D89E1F1BB969C300A4233B /* Debug */,
				10D89E201BB969C300A4233B /* Release */,
			);
			defaultConfigurationIsVisible = 0;
		};
		10D89E211BB969C300A4233B /* Build configuration list for PBXNativeTarget "OC-TableViewDemoTests" */ = {
			isa = XCConfigurationList;
			buildConfigurations = (
				10D89E221BB969C300A4233B /* Debug */,
				10D89E231BB969C300A4233B /* Release */,
			);
			defaultConfigurationIsVisible = 0;
		};
		10D89E241BB969C300A4233B /* Build configuration list for PBXNativeTarget "OC-TableViewDemoUITests" */ = {
			isa = XCConfigurationList;
			buildConfigurations = (
				10D89E251BB969C300A4233B /* Debug */,
				10D89E261BB969C300A4233B /* Release */,
			);
			defaultConfigurationIsVisible = 0;
		};
/* End XCConfigurationList section */
	};
	rootObject = 10D89DE91BB969C300A4233B /* Project object */;
}
